// !$*UTF8*$!
{
	archiveVersion = 1;
	classes = {
	};
	objectVersion = 46;
	objects = {

/* Begin PBXBuildFile section */
		C41D62821DF9B62C00068469 /* AppDelegate.swift in Sources */ = {isa = PBXBuildFile; fileRef = C41D62811DF9B62C00068469 /* AppDelegate.swift */; };
		C41D62841DF9B62C00068469 /* ViewController.swift in Sources */ = {isa = PBXBuildFile; fileRef = C41D62831DF9B62C00068469 /* ViewController.swift */; };
		C41D62871DF9B62C00068469 /* Main.storyboard in Resources */ = {isa = PBXBuildFile; fileRef = C41D62851DF9B62C00068469 /* Main.storyboard */; };
		C41D62891DF9B62C00068469 /* Assets.xcassets in Resources */ = {isa = PBXBuildFile; fileRef = C41D62881DF9B62C00068469 /* Assets.xcassets */; };
		C41D628C1DF9B62C00068469 /* LaunchScreen.storyboard in Resources */ = {isa = PBXBuildFile; fileRef = C41D628A1DF9B62C00068469 /* LaunchScreen.storyboard */; };
		C41D62971DF9B62D00068469 /* MultithreadingTests.swift in Sources */ = {isa = PBXBuildFile; fileRef = C41D62961DF9B62D00068469 /* MultithreadingTests.swift */; };
		C41D62A21DF9B62D00068469 /* MultithreadingUITests.swift in Sources */ = {isa = PBXBuildFile; fileRef = C41D62A11DF9B62D00068469 /* MultithreadingUITests.swift */; };
/* End PBXBuildFile section */

/* Begin PBXContainerItemProxy section */
		C41D62931DF9B62D00068469 /* PBXContainerItemProxy */ = {
			isa = PBXContainerItemProxy;
			containerPortal = C41D62761DF9B62C00068469 /* Project object */;
			proxyType = 1;
			remoteGlobalIDString = C41D627D1DF9B62C00068469;
			remoteInfo = Multithreading;
		};
		C41D629E1DF9B62D00068469 /* PBXContainerItemProxy */ = {
			isa = PBXContainerItemProxy;
			containerPortal = C41D62761DF9B62C00068469 /* Project object */;
			proxyType = 1;
			remoteGlobalIDString = C41D627D1DF9B62C00068469;
			remoteInfo = Multithreading;
		};
/* End PBXContainerItemProxy section */

/* Begin PBXFileReference section */
		C41D627E1DF9B62C00068469 /* Multithreading.app */ = {isa = PBXFileReference; explicitFileType = wrapper.application; includeInIndex = 0; path = Multithreading.app; sourceTree = BUILT_PRODUCTS_DIR; };
		C41D62811DF9B62C00068469 /* AppDelegate.swift */ = {isa = PBXFileReference; lastKnownFileType = sourcecode.swift; path = AppDelegate.swift; sourceTree = "<group>"; };
		C41D62831DF9B62C00068469 /* ViewController.swift */ = {isa = PBXFileReference; lastKnownFileType = sourcecode.swift; path = ViewController.swift; sourceTree = "<group>"; };
		C41D62861DF9B62C00068469 /* Base */ = {isa = PBXFileReference; lastKnownFileType = file.storyboard; name = Base; path = Base.lproj/Main.storyboard; sourceTree = "<group>"; };
		C41D62881DF9B62C00068469 /* Assets.xcassets */ = {isa = PBXFileReference; lastKnownFileType = folder.assetcatalog; path = Assets.xcassets; sourceTree = "<group>"; };
		C41D628B1DF9B62C00068469 /* Base */ = {isa = PBXFileReference; lastKnownFileType = file.storyboard; name = Base; path = Base.lproj/LaunchScreen.storyboard; sourceTree = "<group>"; };
		C41D628D1DF9B62C00068469 /* Info.plist */ = {isa = PBXFileReference; lastKnownFileType = text.plist.xml; path = Info.plist; sourceTree = "<group>"; };
		C41D62921DF9B62D00068469 /* MultithreadingTests.xctest */ = {isa = PBXFileReference; explicitFileType = wrapper.cfbundle; includeInIndex = 0; path = MultithreadingTests.xctest; sourceTree = BUILT_PRODUCTS_DIR; };
		C41D62961DF9B62D00068469 /* MultithreadingTests.swift */ = {isa = PBXFileReference; lastKnownFileType = sourcecode.swift; path = MultithreadingTests.swift; sourceTree = "<group>"; };
		C41D62981DF9B62D00068469 /* Info.plist */ = {isa = PBXFileReference; lastKnownFileType = text.plist.xml; path = Info.plist; sourceTree = "<group>"; };
		C41D629D1DF9B62D00068469 /* MultithreadingUITests.xctest */ = {isa = PBXFileReference; explicitFileType = wrapper.cfbundle; includeInIndex = 0; path = MultithreadingUITests.xctest; sourceTree = BUILT_PRODUCTS_DIR; };
		C41D62A11DF9B62D00068469 /* MultithreadingUITests.swift */ = {isa = PBXFileReference; lastKnownFileType = sourcecode.swift; path = MultithreadingUITests.swift; sourceTree = "<group>"; };
		C41D62A31DF9B62D00068469 /* Info.plist */ = {isa = PBXFileReference; lastKnownFileType = text.plist.xml; path = Info.plist; sourceTree = "<group>"; };
/* End PBXFileReference section */

/* Begin PBXFrameworksBuildPhase section */
		C41D627B1DF9B62C00068469 /* Frameworks */ = {
			isa = PBXFrameworksBuildPhase;
			buildActionMask = 2147483647;
			files = (
			);
			runOnlyForDeploymentPostprocessing = 0;
		};
		C41D628F1DF9B62D00068469 /* Frameworks */ = {
			isa = PBXFrameworksBuildPhase;
			buildActionMask = 2147483647;
			files = (
			);
			runOnlyForDeploymentPostprocessing = 0;
		};
		C41D629A1DF9B62D00068469 /* Frameworks */ = {
			isa = PBXFrameworksBuildPhase;
			buildActionMask = 2147483647;
			files = (
			);
			runOnlyForDeploymentPostprocessing = 0;
		};
/* End PBXFrameworksBuildPhase section */

/* Begin PBXGroup section */
		C41D62751DF9B62C00068469 = {
			isa = PBXGroup;
			children = (
				C41D62801DF9B62C00068469 /* Multithreading */,
				C41D62951DF9B62D00068469 /* MultithreadingTests */,
				C41D62A01DF9B62D00068469 /* MultithreadingUITests */,
				C41D627F1DF9B62C00068469 /* Products */,
			);
			sourceTree = "<group>";
		};
		C41D627F1DF9B62C00068469 /* Products */ = {
			isa = PBXGroup;
			children = (
				C41D627E1DF9B62C00068469 /* Multithreading.app */,
				C41D62921DF9B62D00068469 /* MultithreadingTests.xctest */,
				C41D629D1DF9B62D00068469 /* MultithreadingUITests.xctest */,
			);
			name = Products;
			sourceTree = "<group>";
		};
		C41D62801DF9B62C00068469 /* Multithreading */ = {
			isa = PBXGroup;
			children = (
				C41D62811DF9B62C00068469 /* AppDelegate.swift */,
				C41D62831DF9B62C00068469 /* ViewController.swift */,
				C41D62851DF9B62C00068469 /* Main.storyboard */,
				C41D62881DF9B62C00068469 /* Assets.xcassets */,
				C41D628A1DF9B62C00068469 /* LaunchScreen.storyboard */,
				C41D628D1DF9B62C00068469 /* Info.plist */,
			);
			path = Multithreading;
			sourceTree = "<group>";
		};
		C41D62951DF9B62D00068469 /* MultithreadingTests */ = {
			isa = PBXGroup;
			children = (
				C41D62961DF9B62D00068469 /* MultithreadingTests.swift */,
				C41D62981DF9B62D00068469 /* Info.plist */,
			);
			path = MultithreadingTests;
			sourceTree = "<group>";
		};
		C41D62A01DF9B62D00068469 /* MultithreadingUITests */ = {
			isa = PBXGroup;
			children = (
				C41D62A11DF9B62D00068469 /* MultithreadingUITests.swift */,
				C41D62A31DF9B62D00068469 /* Info.plist */,
			);
			path = MultithreadingUITests;
			sourceTree = "<group>";
		};
/* End PBXGroup section */

/* Begin PBXNativeTarget section */
		C41D627D1DF9B62C00068469 /* Multithreading */ = {
			isa = PBXNativeTarget;
			buildConfigurationList = C41D62A61DF9B62D00068469 /* Build configuration list for PBXNativeTarget "Multithreading" */;
			buildPhases = (
				C41D627A1DF9B62C00068469 /* Sources */,
				C41D627B1DF9B62C00068469 /* Frameworks */,
				C41D627C1DF9B62C00068469 /* Resources */,
			);
			buildRules = (
			);
			dependencies = (
			);
			name = Multithreading;
			productName = Multithreading;
			productReference = C41D627E1DF9B62C00068469 /* Multithreading.app */;
			productType = "com.apple.product-type.application";
		};
		C41D62911DF9B62D00068469 /* MultithreadingTests */ = {
			isa = PBXNativeTarget;
			buildConfigurationList = C41D62A91DF9B62D00068469 /* Build configuration list for PBXNativeTarget "MultithreadingTests" */;
			buildPhases = (
				C41D628E1DF9B62D00068469 /* Sources */,
				C41D628F1DF9B62D00068469 /* Frameworks */,
				C41D62901DF9B62D00068469 /* Resources */,
			);
			buildRules = (
			);
			dependencies = (
				C41D62941DF9B62D00068469 /* PBXTargetDependency */,
			);
			name = MultithreadingTests;
			productName = MultithreadingTests;
			productReference = C41D62921DF9B62D00068469 /* MultithreadingTests.xctest */;
			productType = "com.apple.product-type.bundle.unit-test";
		};
		C41D629C1DF9B62D00068469 /* MultithreadingUITests */ = {
			isa = PBXNativeTarget;
			buildConfigurationList = C41D62AC1DF9B62D00068469 /* Build configuration list for PBXNativeTarget "MultithreadingUITests" */;
			buildPhases = (
				C41D62991DF9B62D00068469 /* Sources */,
				C41D629A1DF9B62D00068469 /* Frameworks */,
				C41D629B1DF9B62D00068469 /* Resources */,
			);
			buildRules = (
			);
			dependencies = (
				C41D629F1DF9B62D00068469 /* PBXTargetDependency */,
			);
			name = MultithreadingUITests;
			productName = MultithreadingUITests;
			productReference = C41D629D1DF9B62D00068469 /* MultithreadingUITests.xctest */;
			productType = "com.apple.product-type.bundle.ui-testing";
		};
/* End PBXNativeTarget section */

/* Begin PBXProject section */
		C41D62761DF9B62C00068469 /* Project object */ = {
			isa = PBXProject;
			attributes = {
				LastSwiftUpdateCheck = 0810;
				LastUpgradeCheck = 0810;
				ORGANIZATIONNAME = BobtheDeveloper;
				TargetAttributes = {
					C41D627D1DF9B62C00068469 = {
						CreatedOnToolsVersion = 8.1;
						DevelopmentTeam = ZGB48G575M;
						ProvisioningStyle = Automatic;
					};
					C41D62911DF9B62D00068469 = {
						CreatedOnToolsVersion = 8.1;
						DevelopmentTeam = ZGB48G575M;
						ProvisioningStyle = Automatic;
						TestTargetID = C41D627D1DF9B62C00068469;
					};
					C41D629C1DF9B62D00068469 = {
						CreatedOnToolsVersion = 8.1;
						DevelopmentTeam = ZGB48G575M;
						ProvisioningStyle = Automatic;
						TestTargetID = C41D627D1DF9B62C00068469;
					};
				};
			};
			buildConfigurationList = C41D62791DF9B62C00068469 /* Build configuration list for PBXProject "Multithreading" */;
			compatibilityVersion = "Xcode 3.2";
			developmentRegion = English;
			hasScannedForEncodings = 0;
			knownRegions = (
				en,
				Base,
			);
			mainGroup = C41D62751DF9B62C00068469;
			productRefGroup = C41D627F1DF9B62C00068469 /* Products */;
			projectDirPath = "";
			projectRoot = "";
			targets = (
				C41D627D1DF9B62C00068469 /* Multithreading */,
				C41D62911DF9B62D00068469 /* MultithreadingTests */,
				C41D629C1DF9B62D00068469 /* MultithreadingUITests */,
			);
		};
/* End PBXProject section */

/* Begin PBXResourcesBuildPhase section */
		C41D627C1DF9B62C00068469 /* Resources */ = {
			isa = PBXResourcesBuildPhase;
			buildActionMask = 2147483647;
			files = (
				C41D628C1DF9B62C00068469 /* LaunchScreen.storyboard in Resources */,
				C41D62891DF9B62C00068469 /* Assets.xcassets in Resources */,
				C41D62871DF9B62C00068469 /* Main.storyboard in Resources */,
			);
			runOnlyForDeploymentPostprocessing = 0;
		};
		C41D62901DF9B62D00068469 /* Resources */ = {
			isa = PBXResourcesBuildPhase;
			buildActionMask = 2147483647;
			files = (
			);
			runOnlyForDeploymentPostprocessing = 0;
		};
		C41D629B1DF9B62D00068469 /* Resources */ = {
			isa = PBXResourcesBuildPhase;
			buildActionMask = 2147483647;
			files = (
			);
			runOnlyForDeploymentPostprocessing = 0;
		};
/* End PBXResourcesBuildPhase section */

/* Begin PBXSourcesBuildPhase section */
		C41D627A1DF9B62C00068469 /* Sources */ = {
			isa = PBXSourcesBuildPhase;
			buildActionMask = 2147483647;
			files = (
				C41D62841DF9B62C00068469 /* ViewController.swift in Sources */,
				C41D62821DF9B62C00068469 /* AppDelegate.swift in Sources */,
			);
			runOnlyForDeploymentPostprocessing = 0;
		};
		C41D628E1DF9B62D00068469 /* Sources */ = {
			isa = PBXSourcesBuildPhase;
			buildActionMask = 2147483647;
			files = (
				C41D62971DF9B62D00068469 /* MultithreadingTests.swift in Sources */,
			);
			runOnlyForDeploymentPostprocessing = 0;
		};
		C41D62991DF9B62D00068469 /* Sources */ = {
			isa = PBXSourcesBuildPhase;
			buildActionMask = 2147483647;
			files = (
				C41D62A21DF9B62D00068469 /* MultithreadingUITests.swift in Sources */,
			);
			runOnlyForDeploymentPostprocessing = 0;
		};
/* End PBXSourcesBuildPhase section */

/* Begin PBXTargetDependency section */
		C41D62941DF9B62D00068469 /* PBXTargetDependency */ = {
			isa = PBXTargetDependency;
			target = C41D627D1DF9B62C00068469 /* Multithreading */;
			targetProxy = C41D62931DF9B62D00068469 /* PBXContainerItemProxy */;
		};
		C41D629F1DF9B62D00068469 /* PBXTargetDependency */ = {
			isa = PBXTargetDependency;
			target = C41D627D1DF9B62C00068469 /* Multithreading */;
			targetProxy = C41D629E1DF9B62D00068469 /* PBXContainerItemProxy */;
		};
/* End PBXTargetDependency section */

/* Begin PBXVariantGroup section */
		C41D62851DF9B62C00068469 /* Main.storyboard */ = {
			isa = PBXVariantGroup;
			children = (
				C41D62861DF9B62C00068469 /* Base */,
			);
			name = Main.storyboard;
			sourceTree = "<group>";
		};
		C41D628A1DF9B62C00068469 /* LaunchScreen.storyboard */ = {
			isa = PBXVariantGroup;
			children = (
				C41D628B1DF9B62C00068469 /* Base */,
			);
			name = LaunchScreen.storyboard;
			sourceTree = "<group>";
		};
/* End PBXVariantGroup section */

/* Begin XCBuildConfiguration section */
		C41D62A41DF9B62D00068469 /* Debug */ = {
			isa = XCBuildConfiguration;
			buildSettings = {
				ALWAYS_SEARCH_USER_PATHS = NO;
				CLANG_ANALYZER_NONNULL = YES;
				CLANG_CXX_LANGUAGE_STANDARD = "gnu++0x";
				CLANG_CXX_LIBRARY = "libc++";
				CLANG_ENABLE_MODULES = YES;
				CLANG_ENABLE_OBJC_ARC = YES;
				CLANG_WARN_BOOL_CONVERSION = YES;
				CLANG_WARN_CONSTANT_CONVERSION = YES;
				CLANG_WARN_DIRECT_OBJC_ISA_USAGE = YES_ERROR;
				CLANG_WARN_DOCUMENTATION_COMMENTS = YES;
				CLANG_WARN_EMPTY_BODY = YES;
				CLANG_WARN_ENUM_CONVERSION = YES;
				CLANG_WARN_INFINITE_RECURSION = YES;
				CLANG_WARN_INT_CONVERSION = YES;
				CLANG_WARN_OBJC_ROOT_CLASS = YES_ERROR;
				CLANG_WARN_SUSPICIOUS_MOVES = YES;
				CLANG_WARN_UNREACHABLE_CODE = YES;
				CLANG_WARN__DUPLICATE_METHOD_MATCH = YES;
				"CODE_SIGN_IDENTITY[sdk=iphoneos*]" = "iPhone Developer";
				COPY_PHASE_STRIP = NO;
				DEBUG_INFORMATION_FORMAT = dwarf;
				ENABLE_STRICT_OBJC_MSGSEND = YES;
				ENABLE_TESTABILITY = YES;
				GCC_C_LANGUAGE_STANDARD = gnu99;
				GCC_DYNAMIC_NO_PIC = NO;
				GCC_NO_COMMON_BLOCKS = YES;
				GCC_OPTIMIZATION_LEVEL = 0;
				GCC_PREPROCESSOR_DEFINITIONS = (
					"DEBUG=1",
					"$(inherited)",
				);
				GCC_WARN_64_TO_32_BIT_CONVERSION = YES;
				GCC_WARN_ABOUT_RETURN_TYPE = YES_ERROR;
				GCC_WARN_UNDECLARED_SELECTOR = YES;
				GCC_WARN_UNINITIALIZED_AUTOS = YES_AGGRESSIVE;
				GCC_WARN_UNUSED_FUNCTION = YES;
				GCC_WARN_UNUSED_VARIABLE = YES;
				IPHONEOS_DEPLOYMENT_TARGET = 10.1;
				MTL_ENABLE_DEBUG_INFO = YES;
				ONLY_ACTIVE_ARCH = YES;
				SDKROOT = iphoneos;
				SWIFT_ACTIVE_COMPILATION_CONDITIONS = DEBUG;
				SWIFT_OPTIMIZATION_LEVEL = "-Onone";
				TARGETED_DEVICE_FAMILY = "1,2";
			};
			name = Debug;
		};
		C41D62A51DF9B62D00068469 /* Release */ = {
			isa = XCBuildConfiguration;
			buildSettings = {
				ALWAYS_SEARCH_USER_PATHS = NO;
				CLANG_ANALYZER_NONNULL = YES;
				CLANG_CXX_LANGUAGE_STANDARD = "gnu++0x";
				CLANG_CXX_LIBRARY = "libc++";
				CLANG_ENABLE_MODULES = YES;
				CLANG_ENABLE_OBJC_ARC = YES;
				CLANG_WARN_BOOL_CONVERSION = YES;
				CLANG_WARN_CONSTANT_CONVERSION = YES;
				CLANG_WARN_DIRECT_OBJC_ISA_USAGE = YES_ERROR;
				CLANG_WARN_DOCUMENTATION_COMMENTS = YES;
				CLANG_WARN_EMPTY_BODY = YES;
				CLANG_WARN_ENUM_CONVERSION = YES;
				CLANG_WARN_INFINITE_RECURSION = YES;
				CLANG_WARN_INT_CONVERSION = YES;
				CLANG_WARN_OBJC_ROOT_CLASS = YES_ERROR;
				CLANG_WARN_SUSPICIOUS_MOVES = YES;
				CLANG_WARN_UNREACHABLE_CODE = YES;
				CLANG_WARN__DUPLICATE_METHOD_MATCH = YES;
				"CODE_SIGN_IDENTITY[sdk=iphoneos*]" = "iPhone Developer";
				COPY_PHASE_STRIP = NO;
				DEBUG_INFORMATION_FORMAT = "dwarf-with-dsym";
				ENABLE_NS_ASSERTIONS = NO;
				ENABLE_STRICT_OBJC_MSGSEND = YES;
				GCC_C_LANGUAGE_STANDARD = gnu99;
				GCC_NO_COMMON_BLOCKS = YES;
				GCC_WARN_64_TO_32_BIT_CONVERSION = YES;
				GCC_WARN_ABOUT_RETURN_TYPE = YES_ERROR;
				GCC_WARN_UNDECLARED_SELECTOR = YES;
				GCC_WARN_UNINITIALIZED_AUTOS = YES_AGGRESSIVE;
				GCC_WARN_UNUSED_FUNCTION = YES;
				GCC_WARN_UNUSED_VARIABLE = YES;
				IPHONEOS_DEPLOYMENT_TARGET = 10.1;
				MTL_ENABLE_DEBUG_INFO = NO;
				SDKROOT = iphoneos;
				SWIFT_OPTIMIZATION_LEVEL = "-Owholemodule";
				TARGETED_DEVICE_FAMILY = "1,2";
				VALIDATE_PRODUCT = YES;
			};
			name = Release;
		};
		C41D62A71DF9B62D00068469 /* Debug */ = {
			isa = XCBuildConfiguration;
			buildSettings = {
				ASSETCATALOG_COMPILER_APPICON_NAME = AppIcon;
				DEVELOPMENT_TEAM = ZGB48G575M;
				INFOPLIST_FILE = Multithreading/Info.plist;
				LD_RUNPATH_SEARCH_PATHS = "$(inherited) @executable_path/Frameworks";
				PRODUCT_BUNDLE_IDENTIFIER = BobtheDeveloper.Multithreading;
				PRODUCT_NAME = "$(TARGET_NAME)";
				SWIFT_VERSION = 3.0;
			};
			name = Debug;
		};
		C41D62A81DF9B62D00068469 /* Release */ = {
			isa = XCBuildConfiguration;
			buildSettings = {
				ASSETCATALOG_COMPILER_APPICON_NAME = AppIcon;
				DEVELOPMENT_TEAM = ZGB48G575M;
				INFOPLIST_FILE = Multithreading/Info.plist;
				LD_RUNPATH_SEARCH_PATHS = "$(inherited) @executable_path/Frameworks";
				PRODUCT_BUNDLE_IDENTIFIER = BobtheDeveloper.Multithreading;
				PRODUCT_NAME = "$(TARGET_NAME)";
				SWIFT_VERSION = 3.0;
			};
			name = Release;
		};
		C41D62AA1DF9B62D00068469 /* Debug */ = {
			isa = XCBuildConfiguration;
			buildSettings = {
				ALWAYS_EMBED_SWIFT_STANDARD_LIBRARIES = YES;
				BUNDLE_LOADER = "$(TEST_HOST)";
				DEVELOPMENT_TEAM = ZGB48G575M;
				INFOPLIST_FILE = MultithreadingTests/Info.plist;
				LD_RUNPATH_SEARCH_PATHS = "$(inherited) @executable_path/Frameworks @loader_path/Frameworks";
				PRODUCT_BUNDLE_IDENTIFIER = BobtheDeveloper.MultithreadingTests;
				PRODUCT_NAME = "$(TARGET_NAME)";
				SWIFT_VERSION = 3.0;
				TEST_HOST = "$(BUILT_PRODUCTS_DIR)/Multithreading.app/Multithreading";
			};
			name = Debug;
		};
		C41D62AB1DF9B62D00068469 /* Release */ = {
			isa = XCBuildConfiguration;
			buildSettings = {
				ALWAYS_EMBED_SWIFT_STANDARD_LIBRARIES = YES;
				BUNDLE_LOADER = "$(TEST_HOST)";
				DEVELOPMENT_TEAM = ZGB48G575M;
				INFOPLIST_FILE = MultithreadingTests/Info.plist;
				LD_RUNPATH_SEARCH_PATHS = "$(inherited) @executable_path/Frameworks @loader_path/Frameworks";
				PRODUCT_BUNDLE_IDENTIFIER = BobtheDeveloper.MultithreadingTests;
				PRODUCT_NAME = "$(TARGET_NAME)";
				SWIFT_VERSION = 3.0;
				TEST_HOST = "$(BUILT_PRODUCTS_DIR)/Multithreading.app/Multithreading";
			};
			name = Release;
		};
		C41D62AD1DF9B62D00068469 /* Debug */ = {
			isa = XCBuildConfiguration;
			buildSettings = {
				ALWAYS_EMBED_SWIFT_STANDARD_LIBRARIES = YES;
				DEVELOPMENT_TEAM = ZGB48G575M;
				INFOPLIST_FILE = MultithreadingUITests/Info.plist;
				LD_RUNPATH_SEARCH_PATHS = "$(inherited) @executable_path/Frameworks @loader_path/Frameworks";
				PRODUCT_BUNDLE_IDENTIFIER = BobtheDeveloper.MultithreadingUITests;
				PRODUCT_NAME = "$(TARGET_NAME)";
				SWIFT_VERSION = 3.0;
				TEST_TARGET_NAME = Multithreading;
			};
			name = Debug;
		};
		C41D62AE1DF9B62D00068469 /* Release */ = {
			isa = XCBuildConfiguration;
			buildSettings = {
				ALWAYS_EMBED_SWIFT_STANDARD_LIBRARIES = YES;
				DEVELOPMENT_TEAM = ZGB48G575M;
				INFOPLIST_FILE = MultithreadingUITests/Info.plist;
				LD_RUNPATH_SEARCH_PATHS = "$(inherited) @executable_path/Frameworks @loader_path/Frameworks";
				PRODUCT_BUNDLE_IDENTIFIER = BobtheDeveloper.MultithreadingUITests;
				PRODUCT_NAME = "$(TARGET_NAME)";
				SWIFT_VERSION = 3.0;
				TEST_TARGET_NAME = Multithreading;
			};
			name = Release;
		};
/* End XCBuildConfiguration section */

/* Begin XCConfigurationList section */
		C41D62791DF9B62C00068469 /* Build configuration list for PBXProject "Multithreading" */ = {
			isa = XCConfigurationList;
			buildConfigurations = (
				C41D62A41DF9B62D00068469 /* Debug */,
				C41D62A51DF9B62D00068469 /* Release */,
			);
			defaultConfigurationIsVisible = 0;
			defaultConfigurationName = Release;
		};
		C41D62A61DF9B62D00068469 /* Build configuration list for PBXNativeTarget "Multithreading" */ = {
			isa = XCConfigurationList;
			buildConfigurations = (
				C41D62A71DF9B62D00068469 /* Debug */,
				C41D62A81DF9B62D00068469 /* Release */,
			);
			defaultConfigurationIsVisible = 0;
		};
		C41D62A91DF9B62D00068469 /* Build configuration list for PBXNativeTarget "MultithreadingTests" */ = {
			isa = XCConfigurationList;
			buildConfigurations = (
				C41D62AA1DF9B62D00068469 /* Debug */,
				C41D62AB1DF9B62D00068469 /* Release */,
			);
			defaultConfigurationIsVisible = 0;
		};
		C41D62AC1DF9B62D00068469 /* Build configuration list for PBXNativeTarget "MultithreadingUITests" */ = {
			isa = XCConfigurationList;
			buildConfigurations = (
				C41D62AD1DF9B62D00068469 /* Debug */,
				C41D62AE1DF9B62D00068469 /* Release */,
			);
			defaultConfigurationIsVisible = 0;
		};
/* End XCConfigurationList section */
	};
	rootObject = C41D62761DF9B62C00068469 /* Project object */;
}
